
Microsoft Visual Studio Solution File, Format Version 12.00
# Visual Studio Version 17
VisualStudioVersion = 17.5.33516.290
MinimumVisualStudioVersion = 10.0.40219.1
Project("{FAE04EC0-301F-11D3-BF4B-00C04F79EFBC}") = "tharsis6A", "tharsis6A\tharsis6A.csproj", "{9EF68ACE-FC04-4FF0-9D18-1681AD95258C}"
EndProject
Global
	GlobalSection(SolutionConfigurationPlatforms) = preSolution
		Debug|Any CPU = Debug|Any CPU
		Debug|x64 = Debug|x64
		Release|Any CPU = Release|Any CPU
		Release|x64 = Release|x64
	EndGlobalSection
	GlobalSection(ProjectConfigurationPlatforms) = postSolution
		{9EF68ACE-FC04-4FF0-9D18-1681AD95258C}.Debug|Any CPU.ActiveCfg = Debug|Any CPU
		{9EF68ACE-FC04-4FF0-9D18-1681AD95258C}.Debug|Any CPU.Build.0 = Debug|Any CPU
		{9EF68ACE-FC04-4FF0-9D18-1681AD95258C}.Debug|x64.ActiveCfg = Debug|x64
		{9EF68ACE-FC04-4FF0-9D18-1681AD95258C}.Debug|x64.Build.0 = Debug|x64
		{9EF68ACE-FC04-4FF0-9D18-1681AD95258C}.Release|Any CPU.ActiveCfg = Release|Any CPU
		{9EF68ACE-FC04-4FF0-9D18-1681AD95258C}.Release|Any CPU.Build.0 = Release|Any CPU
		{9EF68ACE-FC04-4FF0-9D18-1681AD95258C}.Release|x64.ActiveCfg = Release|x64
		{9EF68ACE-FC04-4FF0-9D18-1681AD95258C}.Release|x64.Build.0 = Release|x64
	EndGlobalSection
	GlobalSection(SolutionProperties) = preSolution
		HideSolutionNode = FALSE
	EndGlobalSection
	GlobalSection(ExtensibilityGlobals) = postSolution
		SolutionGuid = {BE5A10D1-AEE4-47F5-ABA5-ED0A3957077B}
	EndGlobalSection
EndGlobal
